
Microsoft Visual Studio Solution File, Format Version 12.00
# Visual Studio Version 17
VisualStudioVersion = 17.0.31903.59
MinimumVisualStudioVersion = 10.0.40219.1
Project("{2150E333-8FDC-42A3-9474-1A3956D46DE8}") = "src", "src", "{345DD402-6DAD-4F45-B2B0-4A5E1E661C9F}"
EndProject
Project("{F2A71F9B-5D33-465A-A702-920D77279786}") = "FalcoFood", "src\FalcoFood\FalcoFood.fsproj", "{6FDFBA98-39CB-4DAC-9CBB-E8F3A1A7654D}"
EndProject
Global
	GlobalSection(SolutionConfigurationPlatforms) = preSolution
		Debug|Any CPU = Debug|Any CPU
		Release|Any CPU = Release|Any CPU
	EndGlobalSection
	GlobalSection(SolutionProperties) = preSolution
		HideSolutionNode = FALSE
	EndGlobalSection
	GlobalSection(ProjectConfigurationPlatforms) = postSolution
		{6FDFBA98-39CB-4DAC-9CBB-E8F3A1A7654D}.Debug|Any CPU.ActiveCfg = Debug|Any CPU
		{6FDFBA98-39CB-4DAC-9CBB-E8F3A1A7654D}.Debug|Any CPU.Build.0 = Debug|Any CPU
		{6FDFBA98-39CB-4DAC-9CBB-E8F3A1A7654D}.Release|Any CPU.ActiveCfg = Release|Any CPU
		{6FDFBA98-39CB-4DAC-9CBB-E8F3A1A7654D}.Release|Any CPU.Build.0 = Release|Any CPU
	EndGlobalSection
	GlobalSection(NestedProjects) = preSolution
		{6FDFBA98-39CB-4DAC-9CBB-E8F3A1A7654D} = {345DD402-6DAD-4F45-B2B0-4A5E1E661C9F}
	EndGlobalSection
EndGlobal
